
Microsoft Visual Studio Solution File, Format Version 12.00
# Visual Studio Version 17
VisualStudioVersion = 17.3.32819.101
MinimumVisualStudioVersion = 10.0.40219.1
Project("{FAE04EC0-301F-11D3-BF4B-00C04F79EFBC}") = "SoftStocks", "SoftStocks\SoftStocks.csproj", "{821521C8-30C8-420A-B1D3-1006ED0EE715}"
EndProject
Global
	GlobalSection(SolutionConfigurationPlatforms) = preSolution
		Debug|Any CPU = Debug|Any CPU
		Release|Any CPU = Release|Any CPU
	EndGlobalSection
	GlobalSection(ProjectConfigurationPlatforms) = postSolution
		{821521C8-30C8-420A-B1D3-1006ED0EE715}.Debug|Any CPU.ActiveCfg = Debug|Any CPU
		{821521C8-30C8-420A-B1D3-1006ED0EE715}.Debug|Any CPU.Build.0 = Debug|Any CPU
		{821521C8-30C8-420A-B1D3-1006ED0EE715}.Release|Any CPU.ActiveCfg = Release|Any CPU
		{821521C8-30C8-420A-B1D3-1006ED0EE715}.Release|Any CPU.Build.0 = Release|Any CPU
	EndGlobalSection
	GlobalSection(SolutionProperties) = preSolution
		HideSolutionNode = FALSE
	EndGlobalSection
	GlobalSection(ExtensibilityGlobals) = postSolution
		SolutionGuid = {35115191-CF63-4EEC-828C-CA3596D1A00C}
	EndGlobalSection
EndGlobal
